
Microsoft Visual Studio Solution File, Format Version 12.00
# Visual Studio 2012
Project("{FAE04EC0-301F-11D3-BF4B-00C04F79EFBC}") = "cec2013", "cec2013\cec2013.csproj", "{EA449DC2-DE52-438D-A140-654C893D5F66}"
EndProject
Global
	GlobalSection(SolutionConfigurationPlatforms) = preSolution
		Debug|Any CPU = Debug|Any CPU
		Release|Any CPU = Release|Any CPU
	EndGlobalSection
	GlobalSection(ProjectConfigurationPlatforms) = postSolution
		{EA449DC2-DE52-438D-A140-654C893D5F66}.Debug|Any CPU.ActiveCfg = Debug|Any CPU
		{EA449DC2-DE52-438D-A140-654C893D5F66}.Debug|Any CPU.Build.0 = Debug|Any CPU
		{EA449DC2-DE52-438D-A140-654C893D5F66}.Release|Any CPU.ActiveCfg = Release|Any CPU
		{EA449DC2-DE52-438D-A140-654C893D5F66}.Release|Any CPU.Build.0 = Release|Any CPU
	EndGlobalSection
	GlobalSection(SolutionProperties) = preSolution
		HideSolutionNode = FALSE
	EndGlobalSection
EndGlobal
